
Microsoft Visual Studio Solution File, Format Version 12.00
# Visual Studio Version 17
VisualStudioVersion = 17.7.34031.279
MinimumVisualStudioVersion = 10.0.40219.1
Project("{FAE04EC0-301F-11D3-BF4B-00C04F79EFBC}") = "VentasMostrador", "VentasMostrador\VentasMostrador.csproj", "{949A0346-F383-4C5C-8F51-DD0EC5E11FB1}"
EndProject
Global
	GlobalSection(SolutionConfigurationPlatforms) = preSolution
		Debug|Any CPU = Debug|Any CPU
		Release|Any CPU = Release|Any CPU
	EndGlobalSection
	GlobalSection(ProjectConfigurationPlatforms) = postSolution
		{949A0346-F383-4C5C-8F51-DD0EC5E11FB1}.Debug|Any CPU.ActiveCfg = Debug|Any CPU
		{949A0346-F383-4C5C-8F51-DD0EC5E11FB1}.Debug|Any CPU.Build.0 = Debug|Any CPU
		{949A0346-F383-4C5C-8F51-DD0EC5E11FB1}.Release|Any CPU.ActiveCfg = Release|Any CPU
		{949A0346-F383-4C5C-8F51-DD0EC5E11FB1}.Release|Any CPU.Build.0 = Release|Any CPU
	EndGlobalSection
	GlobalSection(SolutionProperties) = preSolution
		HideSolutionNode = FALSE
	EndGlobalSection
	GlobalSection(ExtensibilityGlobals) = postSolution
		SolutionGuid = {7BF50C72-0217-44D4-B82B-2C1DCA31C1E7}
	EndGlobalSection
EndGlobal
